github.com/arl/statsviz v0.6.0 h1:jbW1QJkEYQkufd//4NDYRSNBpwJNrdzPahF7ZmoGdyE=
github.com/arl/statsviz v0.6.0/go.mod h1:0toboo+YGSUXDaS4g1D5TVS4dXs7S7YYT5J/qnW2h8s=
github.com/gorilla/websocket v1.5.0 h1:PPwGk2jz7EePpoHN/+ClbZu8SPxiqlu12wZP/3sWmnc=
github.com/gorilla/websocket v1.5.0/go.mod h1:YR8l580nyteQvAITg2hZ9XVh4b55+EU/adAjf1fMHhE=
github.com/rogpeppe/go-internal v1.11.0 h1:cWPaGQEPrBb5/AsnsZesgZZ9yb1OQ+GOISoDNXVBh4M=
github.com/rogpeppe/go-internal v1.11.0/go.mod h1:ddIwULY96R17DhadqLgMfk9H9tvdUzkipdSkR5nkCZA=
golang.org/x/benchmarks v0.0.0-20250513013425-5d1333110d48 h1:CRYjqaK7Dkrr8HRaoPPFhfmVMzV+1ym7Myzpe04ypNw=
golang.org/x/benchmarks v0.0.0-20250513013425-5d1333110d48/go.mod h1:T3rfclWAcY7gnGyR8NN+ELLA13YjTU7uw4nVTGHVEB0=
golang.org/x/sys v0.33.0 h1:q3i8TbbEz+JRD9ywIRlyRAQbM0qF7hu24q3teo2hbuw=
golang.org/x/sys v0.33.0/go.mod h1:BJP2sWEmIv4KK5OTEluFJCKSidICx8ciO85XgH3Ak8k=
golang.org/x/tools v0.1.12 h1:VveCTK38A2rkS8ZqFY25HIDFscX5X9OoEhJd3quQmXU=
golang.org/x/tools v0.1.12/go.mod h1:hNGJHUnrk76NpqgfD5Aqm5Crs+Hm0VOH/i9J2+nxYbc=
